// !$*UTF8*$!
{
	archiveVersion = 1;
	classes = {
	};
	objectVersion = 46;
	objects = {

/* Begin PBXBuildFile section */
		DC5FA86D19901121007755ED /* AppDelegate.swift in Sources */ = {isa = PBXBuildFile; fileRef = DC5FA86C19901121007755ED /* AppDelegate.swift */; };
		DC5FA86F19901121007755ED /* GameScene.sks in Resources */ = {isa = PBXBuildFile; fileRef = DC5FA86E19901121007755ED /* GameScene.sks */; };
		DC5FA87119901121007755ED /* GameScene.swift in Sources */ = {isa = PBXBuildFile; fileRef = DC5FA87019901121007755ED /* GameScene.swift */; };
		DC5FA87319901121007755ED /* GameViewController.swift in Sources */ = {isa = PBXBuildFile; fileRef = DC5FA87219901121007755ED /* GameViewController.swift */; };
		DC5FA87619901121007755ED /* Main.storyboard in Resources */ = {isa = PBXBuildFile; fileRef = DC5FA87419901121007755ED /* Main.storyboard */; };
		DC5FA87819901121007755ED /* Images.xcassets in Resources */ = {isa = PBXBuildFile; fileRef = DC5FA87719901121007755ED /* Images.xcassets */; };
		DC5FA88419901121007755ED /* TurkeyDinnerTests.swift in Sources */ = {isa = PBXBuildFile; fileRef = DC5FA88319901121007755ED /* TurkeyDinnerTests.swift */; };
/* End PBXBuildFile section */

/* Begin PBXContainerItemProxy section */
		DC5FA87E19901121007755ED /* PBXContainerItemProxy */ = {
			isa = PBXContainerItemProxy;
			containerPortal = DC5FA85F19901121007755ED /* Project object */;
			proxyType = 1;
			remoteGlobalIDString = DC5FA86619901121007755ED;
			remoteInfo = TurkeyDinner;
		};
/* End PBXContainerItemProxy section */

/* Begin PBXFileReference section */
		DC5FA86719901121007755ED /* TurkeyDinner.app */ = {isa = PBXFileReference; explicitFileType = wrapper.application; includeInIndex = 0; path = TurkeyDinner.app; sourceTree = BUILT_PRODUCTS_DIR; };
		DC5FA86B19901121007755ED /* Info.plist */ = {isa = PBXFileReference; lastKnownFileType = text.plist.xml; path = Info.plist; sourceTree = "<group>"; };
		DC5FA86C19901121007755ED /* AppDelegate.swift */ = {isa = PBXFileReference; lastKnownFileType = sourcecode.swift; path = AppDelegate.swift; sourceTree = "<group>"; };
		DC5FA86E19901121007755ED /* GameScene.sks */ = {isa = PBXFileReference; lastKnownFileType = file.sks; path = GameScene.sks; sourceTree = "<group>"; };
		DC5FA87019901121007755ED /* GameScene.swift */ = {isa = PBXFileReference; lastKnownFileType = sourcecode.swift; path = GameScene.swift; sourceTree = "<group>"; };
		DC5FA87219901121007755ED /* GameViewController.swift */ = {isa = PBXFileReference; lastKnownFileType = sourcecode.swift; path = GameViewController.swift; sourceTree = "<group>"; };
		DC5FA87519901121007755ED /* Base */ = {isa = PBXFileReference; lastKnownFileType = file.storyboard; name = Base; path = Base.lproj/Main.storyboard; sourceTree = "<group>"; };
		DC5FA87719901121007755ED /* Images.xcassets */ = {isa = PBXFileReference; lastKnownFileType = folder.assetcatalog; path = Images.xcassets; sourceTree = "<group>"; };
		DC5FA87D19901121007755ED /* TurkeyDinnerTests.xctest */ = {isa = PBXFileReference; explicitFileType = wrapper.cfbundle; includeInIndex = 0; path = TurkeyDinnerTests.xctest; sourceTree = BUILT_PRODUCTS_DIR; };
		DC5FA88219901121007755ED /* Info.plist */ = {isa = PBXFileReference; lastKnownFileType = text.plist.xml; path = Info.plist; sourceTree = "<group>"; };
		DC5FA88319901121007755ED /* TurkeyDinnerTests.swift */ = {isa = PBXFileReference; lastKnownFileType = sourcecode.swift; path = TurkeyDinnerTests.swift; sourceTree = "<group>"; };
/* End PBXFileReference section */

/* Begin PBXFrameworksBuildPhase section */
		DC5FA86419901121007755ED /* Frameworks */ = {
			isa = PBXFrameworksBuildPhase;
			buildActionMask = 2147483647;
			files = (
			);
			runOnlyForDeploymentPostprocessing = 0;
		};
		DC5FA87A19901121007755ED /* Frameworks */ = {
			isa = PBXFrameworksBuildPhase;
			buildActionMask = 2147483647;
			files = (
			);
			runOnlyForDeploymentPostprocessing = 0;
		};
/* End PBXFrameworksBuildPhase section */

/* Begin PBXGroup section */
		DC5FA85E19901121007755ED = {
			isa = PBXGroup;
			children = (
				DC5FA86919901121007755ED /* TurkeyDinner */,
				DC5FA88019901121007755ED /* TurkeyDinnerTests */,
				DC5FA86819901121007755ED /* Products */,
			);
			sourceTree = "<group>";
		};
		DC5FA86819901121007755ED /* Products */ = {
			isa = PBXGroup;
			children = (
				DC5FA86719901121007755ED /* TurkeyDinner.app */,
				DC5FA87D19901121007755ED /* TurkeyDinnerTests.xctest */,
			);
			name = Products;
			sourceTree = "<group>";
		};
		DC5FA86919901121007755ED /* TurkeyDinner */ = {
			isa = PBXGroup;
			children = (
				DC5FA86C19901121007755ED /* AppDelegate.swift */,
				DC5FA86E19901121007755ED /* GameScene.sks */,
				DC5FA87019901121007755ED /* GameScene.swift */,
				DC5FA87219901121007755ED /* GameViewController.swift */,
				DC5FA87419901121007755ED /* Main.storyboard */,
				DC5FA87719901121007755ED /* Images.xcassets */,
				DC5FA86A19901121007755ED /* Supporting Files */,
			);
			path = TurkeyDinner;
			sourceTree = "<group>";
		};
		DC5FA86A19901121007755ED /* Supporting Files */ = {
			isa = PBXGroup;
			children = (
				DC5FA86B19901121007755ED /* Info.plist */,
			);
			name = "Supporting Files";
			sourceTree = "<group>";
		};
		DC5FA88019901121007755ED /* TurkeyDinnerTests */ = {
			isa = PBXGroup;
			children = (
				DC5FA88319901121007755ED /* TurkeyDinnerTests.swift */,
				DC5FA88119901121007755ED /* Supporting Files */,
			);
			path = TurkeyDinnerTests;
			sourceTree = "<group>";
		};
		DC5FA88119901121007755ED /* Supporting Files */ = {
			isa = PBXGroup;
			children = (
				DC5FA88219901121007755ED /* Info.plist */,
			);
			name = "Supporting Files";
			sourceTree = "<group>";
		};
/* End PBXGroup section */

/* Begin PBXNativeTarget section */
		DC5FA86619901121007755ED /* TurkeyDinner */ = {
			isa = PBXNativeTarget;
			buildConfigurationList = DC5FA88719901121007755ED /* Build configuration list for PBXNativeTarget "TurkeyDinner" */;
			buildPhases = (
				DC5FA86319901121007755ED /* Sources */,
				DC5FA86419901121007755ED /* Frameworks */,
				DC5FA86519901121007755ED /* Resources */,
			);
			buildRules = (
			);
			dependencies = (
			);
			name = TurkeyDinner;
			productName = TurkeyDinner;
			productReference = DC5FA86719901121007755ED /* TurkeyDinner.app */;
			productType = "com.apple.product-type.application";
		};
		DC5FA87C19901121007755ED /* TurkeyDinnerTests */ = {
			isa = PBXNativeTarget;
			buildConfigurationList = DC5FA88A19901121007755ED /* Build configuration list for PBXNativeTarget "TurkeyDinnerTests" */;
			buildPhases = (
				DC5FA87919901121007755ED /* Sources */,
				DC5FA87A19901121007755ED /* Frameworks */,
				DC5FA87B19901121007755ED /* Resources */,
			);
			buildRules = (
			);
			dependencies = (
				DC5FA87F19901121007755ED /* PBXTargetDependency */,
			);
			name = TurkeyDinnerTests;
			productName = TurkeyDinnerTests;
			productReference = DC5FA87D19901121007755ED /* TurkeyDinnerTests.xctest */;
			productType = "com.apple.product-type.bundle.unit-test";
		};
/* End PBXNativeTarget section */

/* Begin PBXProject section */
		DC5FA85F19901121007755ED /* Project object */ = {
			isa = PBXProject;
			attributes = {
				LastUpgradeCheck = 0600;
				ORGANIZATIONNAME = Striker;
				TargetAttributes = {
					DC5FA86619901121007755ED = {
						CreatedOnToolsVersion = 6.0;
					};
					DC5FA87C19901121007755ED = {
						CreatedOnToolsVersion = 6.0;
						TestTargetID = DC5FA86619901121007755ED;
					};
				};
			};
			buildConfigurationList = DC5FA86219901121007755ED /* Build configuration list for PBXProject "TurkeyDinner" */;
			compatibilityVersion = "Xcode 3.2";
			developmentRegion = English;
			hasScannedForEncodings = 0;
			knownRegions = (
				en,
				Base,
			);
			mainGroup = DC5FA85E19901121007755ED;
			productRefGroup = DC5FA86819901121007755ED /* Products */;
			projectDirPath = "";
			projectRoot = "";
			targets = (
				DC5FA86619901121007755ED /* TurkeyDinner */,
				DC5FA87C19901121007755ED /* TurkeyDinnerTests */,
			);
		};
/* End PBXProject section */

/* Begin PBXResourcesBuildPhase section */
		DC5FA86519901121007755ED /* Resources */ = {
			isa = PBXResourcesBuildPhase;
			buildActionMask = 2147483647;
			files = (
				DC5FA87819901121007755ED /* Images.xcassets in Resources */,
				DC5FA86F19901121007755ED /* GameScene.sks in Resources */,
				DC5FA87619901121007755ED /* Main.storyboard in Resources */,
			);
			runOnlyForDeploymentPostprocessing = 0;
		};
		DC5FA87B19901121007755ED /* Resources */ = {
			isa = PBXResourcesBuildPhase;
			buildActionMask = 2147483647;
			files = (
			);
			runOnlyForDeploymentPostprocessing = 0;
		};
/* End PBXResourcesBuildPhase section */

/* Begin PBXSourcesBuildPhase section */
		DC5FA86319901121007755ED /* Sources */ = {
			isa = PBXSourcesBuildPhase;
			buildActionMask = 2147483647;
			files = (
				DC5FA87119901121007755ED /* GameScene.swift in Sources */,
				DC5FA87319901121007755ED /* GameViewController.swift in Sources */,
				DC5FA86D19901121007755ED /* AppDelegate.swift in Sources */,
			);
			runOnlyForDeploymentPostprocessing = 0;
		};
		DC5FA87919901121007755ED /* Sources */ = {
			isa = PBXSourcesBuildPhase;
			buildActionMask = 2147483647;
			files = (
				DC5FA88419901121007755ED /* TurkeyDinnerTests.swift in Sources */,
			);
			runOnlyForDeploymentPostprocessing = 0;
		};
/* End PBXSourcesBuildPhase section */

/* Begin PBXTargetDependency section */
		DC5FA87F19901121007755ED /* PBXTargetDependency */ = {
			isa = PBXTargetDependency;
			target = DC5FA86619901121007755ED /* TurkeyDinner */;
			targetProxy = DC5FA87E19901121007755ED /* PBXContainerItemProxy */;
		};
/* End PBXTargetDependency section */

/* Begin PBXVariantGroup section */
		DC5FA87419901121007755ED /* Main.storyboard */ = {
			isa = PBXVariantGroup;
			children = (
				DC5FA87519901121007755ED /* Base */,
			);
			name = Main.storyboard;
			sourceTree = "<group>";
		};
/* End PBXVariantGroup section */

/* Begin XCBuildConfiguration section */
		DC5FA88519901121007755ED /* Debug */ = {
			isa = XCBuildConfiguration;
			buildSettings = {
				ALWAYS_SEARCH_USER_PATHS = NO;
				CLANG_CXX_LANGUAGE_STANDARD = "gnu++0x";
				CLANG_CXX_LIBRARY = "libc++";
				CLANG_ENABLE_MODULES = YES;
				CLANG_ENABLE_OBJC_ARC = YES;
				CLANG_WARN_BOOL_CONVERSION = YES;
				CLANG_WARN_CONSTANT_CONVERSION = YES;
				CLANG_WARN_DIRECT_OBJC_ISA_USAGE = YES_ERROR;
				CLANG_WARN_EMPTY_BODY = YES;
				CLANG_WARN_ENUM_CONVERSION = YES;
				CLANG_WARN_INT_CONVERSION = YES;
				CLANG_WARN_OBJC_ROOT_CLASS = YES_ERROR;
				CLANG_WARN_UNREACHABLE_CODE = YES;
				CLANG_WARN__DUPLICATE_METHOD_MATCH = YES;
				"CODE_SIGN_IDENTITY[sdk=iphoneos*]" = "iPhone Developer";
				COPY_PHASE_STRIP = NO;
				ENABLE_STRICT_OBJC_MSGSEND = YES;
				GCC_C_LANGUAGE_STANDARD = gnu99;
				GCC_DYNAMIC_NO_PIC = NO;
				GCC_OPTIMIZATION_LEVEL = 0;
				GCC_PREPROCESSOR_DEFINITIONS = (
					"DEBUG=1",
					"$(inherited)",
				);
				GCC_SYMBOLS_PRIVATE_EXTERN = NO;
				GCC_WARN_64_TO_32_BIT_CONVERSION = YES;
				GCC_WARN_ABOUT_RETURN_TYPE = YES_ERROR;
				GCC_WARN_UNDECLARED_SELECTOR = YES;
				GCC_WARN_UNINITIALIZED_AUTOS = YES_AGGRESSIVE;
				GCC_WARN_UNUSED_FUNCTION = YES;
				GCC_WARN_UNUSED_VARIABLE = YES;
				IPHONEOS_DEPLOYMENT_TARGET = 8.0;
				MTL_ENABLE_DEBUG_INFO = YES;
				ONLY_ACTIVE_ARCH = YES;
				SDKROOT = iphoneos;
				SWIFT_OPTIMIZATION_LEVEL = "-Onone";
			};
			name = Debug;
		};
		DC5FA88619901121007755ED /* Release */ = {
			isa = XCBuildConfiguration;
			buildSettings = {
				ALWAYS_SEARCH_USER_PATHS = NO;
				CLANG_CXX_LANGUAGE_STANDARD = "gnu++0x";
				CLANG_CXX_LIBRARY = "libc++";
				CLANG_ENABLE_MODULES = YES;
				CLANG_ENABLE_OBJC_ARC = YES;
				CLANG_WARN_BOOL_CONVERSION = YES;
				CLANG_WARN_CONSTANT_CONVERSION = YES;
				CLANG_WARN_DIRECT_OBJC_ISA_USAGE = YES_ERROR;
				CLANG_WARN_EMPTY_BODY = YES;
				CLANG_WARN_ENUM_CONVERSION = YES;
				CLANG_WARN_INT_CONVERSION = YES;
				CLANG_WARN_OBJC_ROOT_CLASS = YES_ERROR;
				CLANG_WARN_UNREACHABLE_CODE = YES;
				CLANG_WARN__DUPLICATE_METHOD_MATCH = YES;
				"CODE_SIGN_IDENTITY[sdk=iphoneos*]" = "iPhone Developer";
				COPY_PHASE_STRIP = YES;
				ENABLE_NS_ASSERTIONS = NO;
				ENABLE_STRICT_OBJC_MSGSEND = YES;
				GCC_C_LANGUAGE_STANDARD = gnu99;
				GCC_WARN_64_TO_32_BIT_CONVERSION = YES;
				GCC_WARN_ABOUT_RETURN_TYPE = YES_ERROR;
				GCC_WARN_UNDECLARED_SELECTOR = YES;
				GCC_WARN_UNINITIALIZED_AUTOS = YES_AGGRESSIVE;
				GCC_WARN_UNUSED_FUNCTION = YES;
				GCC_WARN_UNUSED_VARIABLE = YES;
				IPHONEOS_DEPLOYMENT_TARGET = 8.0;
				MTL_ENABLE_DEBUG_INFO = NO;
				SDKROOT = iphoneos;
				VALIDATE_PRODUCT = YES;
			};
			name = Release;
		};
		DC5FA88819901121007755ED /* Debug */ = {
			isa = XCBuildConfiguration;
			buildSettings = {
				ASSETCATALOG_COMPILER_APPICON_NAME = AppIcon;
				ASSETCATALOG_COMPILER_LAUNCHIMAGE_NAME = LaunchImage;
				INFOPLIST_FILE = TurkeyDinner/Info.plist;
				LD_RUNPATH_SEARCH_PATHS = "$(inherited) @executable_path/Frameworks";
				PRODUCT_NAME = "$(TARGET_NAME)";
			};
			name = Debug;
		};
		DC5FA88919901121007755ED /* Release */ = {
			isa = XCBuildConfiguration;
			buildSettings = {
				ASSETCATALOG_COMPILER_APPICON_NAME = AppIcon;
				ASSETCATALOG_COMPILER_LAUNCHIMAGE_NAME = LaunchImage;
				INFOPLIST_FILE = TurkeyDinner/Info.plist;
				LD_RUNPATH_SEARCH_PATHS = "$(inherited) @executable_path/Frameworks";
				PRODUCT_NAME = "$(TARGET_NAME)";
			};
			name = Release;
		};
		DC5FA88B19901121007755ED /* Debug */ = {
			isa = XCBuildConfiguration;
			buildSettings = {
				BUNDLE_LOADER = "$(BUILT_PRODUCTS_DIR)/TurkeyDinner.app/TurkeyDinner";
				FRAMEWORK_SEARCH_PATHS = (
					"$(SDKROOT)/Developer/Library/Frameworks",
					"$(inherited)",
				);
				GCC_PREPROCESSOR_DEFINITIONS = (
					"DEBUG=1",
					"$(inherited)",
				);
				INFOPLIST_FILE = TurkeyDinnerTests/Info.plist;
				LD_RUNPATH_SEARCH_PATHS = "$(inherited) @executable_path/Frameworks @loader_path/Frameworks";
				PRODUCT_NAME = "$(TARGET_NAME)";
				TEST_HOST = "$(BUNDLE_LOADER)";
			};
			name = Debug;
		};
		DC5FA88C19901121007755ED /* Release */ = {
			isa = XCBuildConfiguration;
			buildSettings = {
				BUNDLE_LOADER = "$(BUILT_PRODUCTS_DIR)/TurkeyDinner.app/TurkeyDinner";
				FRAMEWORK_SEARCH_PATHS = (
					"$(SDKROOT)/Developer/Library/Frameworks",
					"$(inherited)",
				);
				INFOPLIST_FILE = TurkeyDinnerTests/Info.plist;
				LD_RUNPATH_SEARCH_PATHS = "$(inherited) @executable_path/Frameworks @loader_path/Frameworks";
				PRODUCT_NAME = "$(TARGET_NAME)";
				TEST_HOST = "$(BUNDLE_LOADER)";
			};
			name = Release;
		};
/* End XCBuildConfiguration section */

/* Begin XCConfigurationList section */
		DC5FA86219901121007755ED /* Build configuration list for PBXProject "TurkeyDinner" */ = {
			isa = XCConfigurationList;
			buildConfigurations = (
				DC5FA88519901121007755ED /* Debug */,
				DC5FA88619901121007755ED /* Release */,
			);
			defaultConfigurationIsVisible = 0;
			defaultConfigurationName = Release;
		};
		DC5FA88719901121007755ED /* Build configuration list for PBXNativeTarget "TurkeyDinner" */ = {
			isa = XCConfigurationList;
			buildConfigurations = (
				DC5FA88819901121007755ED /* Debug */,
				DC5FA88919901121007755ED /* Release */,
			);
			defaultConfigurationIsVisible = 0;
			defaultConfigurationName = Release;
		};
		DC5FA88A19901121007755ED /* Build configuration list for PBXNativeTarget "TurkeyDinnerTests" */ = {
			isa = XCConfigurationList;
			buildConfigurations = (
				DC5FA88B19901121007755ED /* Debug */,
				DC5FA88C19901121007755ED /* Release */,
			);
			defaultConfigurationIsVisible = 0;
			defaultConfigurationName = Release;
		};
/* End XCConfigurationList section */
	};
	rootObject = DC5FA85F19901121007755ED /* Project object */;
}
